{
  "name": "SA-AegisPrev-",
  "lockfileVersion": 3,
  "requires": true,
  "packages": {}
  
}
{
  "name": "SA-AegisPrev-",
  "lockfileVersion": 3,
  "requires": true,
  "packages": {}
  {
  "Usuario": [],
  "Pacientes": [],
  "Consulta": [],
  "Sintomas": [
    { "id": 1, "nome": "Febre" },
    { "id": 2, "nome": "Tosse" },
    { "id": 3, "nome": "Dor de cabeça" },
    { "id": 4, "nome": "Dor de garganta" },
    { "id": 5, "nome": "Falta de ar" },
    { "id": 6, "nome": "Náusea" },
    { "id": 7, "nome": "Vômito" }
  ]
}
}
